// !$*UTF8*$!
{
	archiveVersion = 1;
	classes = {
	};
	objectVersion = 50;
	objects = {

/* Begin PBXBuildFile section */
		65625ECD223C03A00045C073 /* WRRoomTopViewController.swift in Sources */ = {isa = PBXBuildFile; fileRef = 65625ECC223C03A00045C073 /* WRRoomTopViewController.swift */; };
		65625ECF223C03CF0045C073 /* WebRTCRoomClient.swift in Sources */ = {isa = PBXBuildFile; fileRef = 65625ECE223C03CF0045C073 /* WebRTCRoomClient.swift */; };
		65625ED1223C03E30045C073 /* SignalingRoomClient.swift in Sources */ = {isa = PBXBuildFile; fileRef = 65625ED0223C03E30045C073 /* SignalingRoomClient.swift */; };
		65625ED3223C04CA0045C073 /* WRRoomTopViewController.storyboard in Resources */ = {isa = PBXBuildFile; fileRef = 65625ED2223C04CA0045C073 /* WRRoomTopViewController.storyboard */; };
		65625ED62242A6AD0045C073 /* ReplayKitViewController.swift in Sources */ = {isa = PBXBuildFile; fileRef = 65625ED52242A6AD0045C073 /* ReplayKitViewController.swift */; };
		65625ED82242A6C40045C073 /* ReplayKitViewController.storyboard in Resources */ = {isa = PBXBuildFile; fileRef = 65625ED72242A6C40045C073 /* ReplayKitViewController.storyboard */; };
		65625EF52242A8B30045C073 /* ReplayKit.framework in Frameworks */ = {isa = PBXBuildFile; fileRef = 65625EE12242A8120045C073 /* ReplayKit.framework */; };
		65625EF82242A8B30045C073 /* SampleHandler.swift in Sources */ = {isa = PBXBuildFile; fileRef = 65625EF72242A8B30045C073 /* SampleHandler.swift */; };
		65625EFF2242A8B40045C073 /* ReplayKit.framework in Frameworks */ = {isa = PBXBuildFile; fileRef = 65625EE12242A8120045C073 /* ReplayKit.framework */; };
		65625F002242A8B40045C073 /* UIKit.framework in Frameworks */ = {isa = PBXBuildFile; fileRef = 65625EE32242A8120045C073 /* UIKit.framework */; };
		65625F032242A8B40045C073 /* BroadcastSetupViewController.swift in Sources */ = {isa = PBXBuildFile; fileRef = 65625F022242A8B40045C073 /* BroadcastSetupViewController.swift */; };
		65625F072242A8B40045C073 /* StreamingDemoUploadSetupUI.appex in Embed App Extensions */ = {isa = PBXBuildFile; fileRef = 65625EFE2242A8B40045C073 /* StreamingDemoUploadSetupUI.appex */; settings = {ATTRIBUTES = (RemoveHeadersOnCopy, ); }; };
		65625F0A2242A8B40045C073 /* StreamingDemoUpload.appex in Embed App Extensions */ = {isa = PBXBuildFile; fileRef = 65625EF42242A8B30045C073 /* StreamingDemoUpload.appex */; settings = {ATTRIBUTES = (RemoveHeadersOnCopy, ); }; };
		65625F122242AAF90045C073 /* RTMPBroadcaster.swift in Sources */ = {isa = PBXBuildFile; fileRef = 65625F112242AAF90045C073 /* RTMPBroadcaster.swift */; };
		65625F132242ABF10045C073 /* HaishinKit.framework in Frameworks */ = {isa = PBXBuildFile; fileRef = 76EDDB83222E68990017D1F6 /* HaishinKit.framework */; };
		65625F142242ABF10045C073 /* HaishinKit.framework in Embed Frameworks */ = {isa = PBXBuildFile; fileRef = 76EDDB83222E68990017D1F6 /* HaishinKit.framework */; settings = {ATTRIBUTES = (CodeSignOnCopy, RemoveHeadersOnCopy, ); }; };
		65625F152242ABFC0045C073 /* HaishinKit.framework in Frameworks */ = {isa = PBXBuildFile; fileRef = 76EDDB83222E68990017D1F6 /* HaishinKit.framework */; };
		65625F192242B71B0045C073 /* ReplayKit.framework in Frameworks */ = {isa = PBXBuildFile; fileRef = 65625EE12242A8120045C073 /* ReplayKit.framework */; };
		760AD4A62240A81C000B1283 /* GifWebView.swift in Sources */ = {isa = PBXBuildFile; fileRef = 760AD4A52240A81C000B1283 /* GifWebView.swift */; };
		760E302F2240F729007588D7 /* AudioObserverViewController.swift in Sources */ = {isa = PBXBuildFile; fileRef = 760E302E2240F729007588D7 /* AudioObserverViewController.swift */; };
		760E30312240F73F007588D7 /* AudioObserverViewController.storyboard in Resources */ = {isa = PBXBuildFile; fileRef = 760E30302240F73F007588D7 /* AudioObserverViewController.storyboard */; };
		762E268C223742AF00B8BFF4 /* WebRTC.framework in Frameworks */ = {isa = PBXBuildFile; fileRef = 762E268B223742AF00B8BFF4 /* WebRTC.framework */; };
		7655FF13222659370054B5A8 /* AppDelegate.swift in Sources */ = {isa = PBXBuildFile; fileRef = 7655FF12222659370054B5A8 /* AppDelegate.swift */; };
		7655FF15222659370054B5A8 /* StreamingTopViewController.swift in Sources */ = {isa = PBXBuildFile; fileRef = 7655FF14222659370054B5A8 /* StreamingTopViewController.swift */; };
		7655FF18222659370054B5A8 /* StreamingTopViewController.storyboard in Resources */ = {isa = PBXBuildFile; fileRef = 7655FF16222659370054B5A8 /* StreamingTopViewController.storyboard */; };
		7655FF1A2226593A0054B5A8 /* Assets.xcassets in Resources */ = {isa = PBXBuildFile; fileRef = 7655FF192226593A0054B5A8 /* Assets.xcassets */; };
		7655FF1D2226593A0054B5A8 /* LaunchScreen.storyboard in Resources */ = {isa = PBXBuildFile; fileRef = 7655FF1B2226593A0054B5A8 /* LaunchScreen.storyboard */; };
		7655FF282226593A0054B5A8 /* StreamingDemoTests.swift in Sources */ = {isa = PBXBuildFile; fileRef = 7655FF272226593A0054B5A8 /* StreamingDemoTests.swift */; };
		7655FF332226593A0054B5A8 /* StreamingDemoUITests.swift in Sources */ = {isa = PBXBuildFile; fileRef = 7655FF322226593A0054B5A8 /* StreamingDemoUITests.swift */; };
		7655FF4222265D200054B5A8 /* StreamingChildPlayerViewController.swift in Sources */ = {isa = PBXBuildFile; fileRef = 7655FF4122265D200054B5A8 /* StreamingChildPlayerViewController.swift */; };
		766D94F9224495CF005D383E /* BroadcastSetupViewController.storyboard in Resources */ = {isa = PBXBuildFile; fileRef = 766D94F722449517005D383E /* BroadcastSetupViewController.storyboard */; };
		766D95012244E8C6005D383E /* MicVolumeViewController.swift in Sources */ = {isa = PBXBuildFile; fileRef = 766D95002244E8C6005D383E /* MicVolumeViewController.swift */; };
		766D95032244E91D005D383E /* MicVolumeViewController.storyboard in Resources */ = {isa = PBXBuildFile; fileRef = 766D95022244E91D005D383E /* MicVolumeViewController.storyboard */; };
		766D95052244E996005D383E /* MicVolumeObserver.swift in Sources */ = {isa = PBXBuildFile; fileRef = 766D95042244E996005D383E /* MicVolumeObserver.swift */; };
		76A3756D222F8DCD00B2AF9A /* WSTopViewController.swift in Sources */ = {isa = PBXBuildFile; fileRef = 76A3756C222F8DCD00B2AF9A /* WSTopViewController.swift */; };
		76A3756F222F8DE600B2AF9A /* WSTopViewController.storyboard in Resources */ = {isa = PBXBuildFile; fileRef = 76A3756E222F8DE600B2AF9A /* WSTopViewController.storyboard */; };
		76A37575222F9CFE00B2AF9A /* SocketIO.framework in Frameworks */ = {isa = PBXBuildFile; fileRef = 76A37570222F9BB600B2AF9A /* SocketIO.framework */; };
		76A37577222F9CFF00B2AF9A /* Starscream.framework in Frameworks */ = {isa = PBXBuildFile; fileRef = 76A37576222F9CFE00B2AF9A /* Starscream.framework */; };
		76A37579222F9F7E00B2AF9A /* NetworkManager.swift in Sources */ = {isa = PBXBuildFile; fileRef = 76A37578222F9F7E00B2AF9A /* NetworkManager.swift */; };
		76A375802230E50100B2AF9A /* WebRTCClient.swift in Sources */ = {isa = PBXBuildFile; fileRef = 76A3757F2230E50100B2AF9A /* WebRTCClient.swift */; };
		76A375822230E51500B2AF9A /* SignalingClient.swift in Sources */ = {isa = PBXBuildFile; fileRef = 76A375812230E51500B2AF9A /* SignalingClient.swift */; };
		76A375842230E53800B2AF9A /* Message.swift in Sources */ = {isa = PBXBuildFile; fileRef = 76A375832230E53800B2AF9A /* Message.swift */; };
		76A375862230E56F00B2AF9A /* Config.swift in Sources */ = {isa = PBXBuildFile; fileRef = 76A375852230E56F00B2AF9A /* Config.swift */; };
		76A375882230E59400B2AF9A /* RTCStates.swift in Sources */ = {isa = PBXBuildFile; fileRef = 76A375872230E59400B2AF9A /* RTCStates.swift */; };
		76A3758A2230E5AC00B2AF9A /* SessionDescription.swift in Sources */ = {isa = PBXBuildFile; fileRef = 76A375892230E5AC00B2AF9A /* SessionDescription.swift */; };
		76A3758C2230E5BE00B2AF9A /* IceCandidate.swift in Sources */ = {isa = PBXBuildFile; fileRef = 76A3758B2230E5BE00B2AF9A /* IceCandidate.swift */; };
		76BD9325223F4649005752EA /* OpenEarsViewController.swift in Sources */ = {isa = PBXBuildFile; fileRef = 76BD9324223F4649005752EA /* OpenEarsViewController.swift */; };
		76BD9327223F4657005752EA /* OpenEarsViewController.storyboard in Resources */ = {isa = PBXBuildFile; fileRef = 76BD9326223F4657005752EA /* OpenEarsViewController.storyboard */; };
		76BD933C223F4B50005752EA /* AudioToolbox.framework in Frameworks */ = {isa = PBXBuildFile; fileRef = 76BD933B223F4B50005752EA /* AudioToolbox.framework */; };
		76BD933E223F4B63005752EA /* AVFoundation.framework in Frameworks */ = {isa = PBXBuildFile; fileRef = 76BD933D223F4B63005752EA /* AVFoundation.framework */; };
		76BD9343223F4DDB005752EA /* Slt.framework in Frameworks */ = {isa = PBXBuildFile; fileRef = 76BD9340223F4DDB005752EA /* Slt.framework */; };
		76BD9344223F4DDB005752EA /* OpenEars.framework in Frameworks */ = {isa = PBXBuildFile; fileRef = 76BD9341223F4DDB005752EA /* OpenEars.framework */; };
		76BD9345223F4DDB005752EA /* AcousticModelEnglish.bundle in Resources */ = {isa = PBXBuildFile; fileRef = 76BD9342223F4DDB005752EA /* AcousticModelEnglish.bundle */; };
		76CDA1EE2239055800250653 /* VoiceStampViewController.swift in Sources */ = {isa = PBXBuildFile; fileRef = 76CDA1ED2239055800250653 /* VoiceStampViewController.swift */; };
		76CDA1F02239058A00250653 /* VoiceStampViewController.storyboard in Resources */ = {isa = PBXBuildFile; fileRef = 76CDA1EF2239058A00250653 /* VoiceStampViewController.storyboard */; };
		76DC485E222F5B7300ED1B0B /* LaunchTopViewController.swift in Sources */ = {isa = PBXBuildFile; fileRef = 76DC485D222F5B7300ED1B0B /* LaunchTopViewController.swift */; };
		76DC4860222F5B8D00ED1B0B /* LaunchTopViewController.storyboard in Resources */ = {isa = PBXBuildFile; fileRef = 76DC485F222F5B8D00ED1B0B /* LaunchTopViewController.storyboard */; };
		76DC4863222F5C4700ED1B0B /* WRTopViewController.swift in Sources */ = {isa = PBXBuildFile; fileRef = 76DC4862222F5C4700ED1B0B /* WRTopViewController.swift */; };
		76DC4865222F5F9B00ED1B0B /* WRTopViewController.storyboard in Resources */ = {isa = PBXBuildFile; fileRef = 76DC4864222F5F9B00ED1B0B /* WRTopViewController.storyboard */; };
		76DC4868222F5FC900ED1B0B /* NSObject+Ex.swift in Sources */ = {isa = PBXBuildFile; fileRef = 76DC4867222F5FC900ED1B0B /* NSObject+Ex.swift */; };
		76DC486A222F628200ED1B0B /* TopNavigationController.swift in Sources */ = {isa = PBXBuildFile; fileRef = 76DC4869222F628200ED1B0B /* TopNavigationController.swift */; };
		76DDE4D7223754D700EFACB0 /* WebRTC.framework in Frameworks */ = {isa = PBXBuildFile; fileRef = 76DDE4D6223754D700EFACB0 /* WebRTC.framework */; };
		76DDE4D8223754FA00EFACB0 /* WebRTC.framework in Embed Frameworks */ = {isa = PBXBuildFile; fileRef = 762E268B223742AF00B8BFF4 /* WebRTC.framework */; settings = {ATTRIBUTES = (CodeSignOnCopy, RemoveHeadersOnCopy, ); }; };
		76DDE4DD223756F300EFACB0 /* SFUHostViewController.swift in Sources */ = {isa = PBXBuildFile; fileRef = 76DDE4DC223756F300EFACB0 /* SFUHostViewController.swift */; };
		76DDE4DF2237571800EFACB0 /* SFUHostViewController.storyboard in Resources */ = {isa = PBXBuildFile; fileRef = 76DDE4DE2237571800EFACB0 /* SFUHostViewController.storyboard */; };
		76DDE4E12237575400EFACB0 /* SFUAudienceViewController.swift in Sources */ = {isa = PBXBuildFile; fileRef = 76DDE4E02237575400EFACB0 /* SFUAudienceViewController.swift */; };
		76DDE4E32237576E00EFACB0 /* SFUAudienceViewController.storyboard in Resources */ = {isa = PBXBuildFile; fileRef = 76DDE4E22237576E00EFACB0 /* SFUAudienceViewController.storyboard */; };
		76EDDB79222E57D00017D1F6 /* StreamingHaishinViewController.swift in Sources */ = {isa = PBXBuildFile; fileRef = 76EDDB78222E57D00017D1F6 /* StreamingHaishinViewController.swift */; };
		76EDDB7C222E5FDD0017D1F6 /* StreamingPlayerManager.swift in Sources */ = {isa = PBXBuildFile; fileRef = 76EDDB7B222E5FDD0017D1F6 /* StreamingPlayerManager.swift */; };
		76EDDB86222E68990017D1F6 /* Alamofire.framework in Frameworks */ = {isa = PBXBuildFile; fileRef = 76EDDB7D222E68980017D1F6 /* Alamofire.framework */; };
		76EDDB87222E68990017D1F6 /* Logboard.framework in Frameworks */ = {isa = PBXBuildFile; fileRef = 76EDDB7E222E68990017D1F6 /* Logboard.framework */; };
		76EDDB88222E68990017D1F6 /* RxBlocking.framework in Frameworks */ = {isa = PBXBuildFile; fileRef = 76EDDB7F222E68990017D1F6 /* RxBlocking.framework */; };
		76EDDB89222E68990017D1F6 /* RxAlamofire.framework in Frameworks */ = {isa = PBXBuildFile; fileRef = 76EDDB80222E68990017D1F6 /* RxAlamofire.framework */; };
		76EDDB8A222E68990017D1F6 /* RxSwift.framework in Frameworks */ = {isa = PBXBuildFile; fileRef = 76EDDB81222E68990017D1F6 /* RxSwift.framework */; };
		76EDDB8B222E68990017D1F6 /* RxAtomic.framework in Frameworks */ = {isa = PBXBuildFile; fileRef = 76EDDB82222E68990017D1F6 /* RxAtomic.framework */; };
		76EDDB8C222E68990017D1F6 /* HaishinKit.framework in Frameworks */ = {isa = PBXBuildFile; fileRef = 76EDDB83222E68990017D1F6 /* HaishinKit.framework */; };
		76EDDB8D222E68990017D1F6 /* RxCocoa.framework in Frameworks */ = {isa = PBXBuildFile; fileRef = 76EDDB84222E68990017D1F6 /* RxCocoa.framework */; };
		76EDDB90222E695F0017D1F6 /* SwiftyJSON.framework in Frameworks */ = {isa = PBXBuildFile; fileRef = 76EDDB8F222E695E0017D1F6 /* SwiftyJSON.framework */; };
		76EDDB97222F5A7A0017D1F6 /* StreamingParentPlayerViewController.swift in Sources */ = {isa = PBXBuildFile; fileRef = 76EDDB96222F5A7A0017D1F6 /* StreamingParentPlayerViewController.swift */; };
		76F1ABA4224B7DAA000749A3 /* MD5.swift in Sources */ = {isa = PBXBuildFile; fileRef = 76F1ABA2224B7D7B000749A3 /* MD5.swift */; };
		76F1ABAC224C5C73000749A3 /* ByteArray.swift in Sources */ = {isa = PBXBuildFile; fileRef = 76F1ABA5224C5A06000749A3 /* ByteArray.swift */; };
		76F1ABAD224C5C77000749A3 /* ExpressibleByIntegerLiteral.swift in Sources */ = {isa = PBXBuildFile; fileRef = 76F1ABA8224C5A96000749A3 /* ExpressibleByIntegerLiteral.swift */; };
		76F1ABAE224C5C7B000749A3 /* URL+.swift in Sources */ = {isa = PBXBuildFile; fileRef = 76F1ABAA224C5C3C000749A3 /* URL+.swift */; };
		E30B1AA95261F1F3B9809E7A /* Pods_StreamingDemo.framework in Frameworks */ = {isa = PBXBuildFile; fileRef = B5EE9731C2ADC6590E0F5AD9 /* Pods_StreamingDemo.framework */; };
/* End PBXBuildFile section */

/* Begin PBXContainerItemProxy section */
		65625F052242A8B40045C073 /* PBXContainerItemProxy */ = {
			isa = PBXContainerItemProxy;
			containerPortal = 7655FF07222659370054B5A8 /* Project object */;
			proxyType = 1;
			remoteGlobalIDString = 65625EFD2242A8B40045C073;
			remoteInfo = StreamingDemoUploadSetupUI;
		};
		65625F082242A8B40045C073 /* PBXContainerItemProxy */ = {
			isa = PBXContainerItemProxy;
			containerPortal = 7655FF07222659370054B5A8 /* Project object */;
			proxyType = 1;
			remoteGlobalIDString = 65625EF32242A8B30045C073;
			remoteInfo = StreamingDemoUpload;
		};
		7655FF242226593A0054B5A8 /* PBXContainerItemProxy */ = {
			isa = PBXContainerItemProxy;
			containerPortal = 7655FF07222659370054B5A8 /* Project object */;
			proxyType = 1;
			remoteGlobalIDString = 7655FF0E222659370054B5A8;
			remoteInfo = StreamingDemo;
		};
		7655FF2F2226593A0054B5A8 /* PBXContainerItemProxy */ = {
			isa = PBXContainerItemProxy;
			containerPortal = 7655FF07222659370054B5A8 /* Project object */;
			proxyType = 1;
			remoteGlobalIDString = 7655FF0E222659370054B5A8;
			remoteInfo = StreamingDemo;
		};
/* End PBXContainerItemProxy section */

/* Begin PBXCopyFilesBuildPhase section */
		65625EEF2242A8130045C073 /* Embed App Extensions */ = {
			isa = PBXCopyFilesBuildPhase;
			buildActionMask = 2147483647;
			dstPath = "";
			dstSubfolderSpec = 13;
			files = (
				65625F072242A8B40045C073 /* StreamingDemoUploadSetupUI.appex in Embed App Extensions */,
				65625F0A2242A8B40045C073 /* StreamingDemoUpload.appex in Embed App Extensions */,
			);
			name = "Embed App Extensions";
			runOnlyForDeploymentPostprocessing = 0;
		};
		76A3757E222FB23F00B2AF9A /* Embed Frameworks */ = {
			isa = PBXCopyFilesBuildPhase;
			buildActionMask = 2147483647;
			dstPath = "";
			dstSubfolderSpec = 10;
			files = (
				65625F142242ABF10045C073 /* HaishinKit.framework in Embed Frameworks */,
				76DDE4D8223754FA00EFACB0 /* WebRTC.framework in Embed Frameworks */,
			);
			name = "Embed Frameworks";
			runOnlyForDeploymentPostprocessing = 0;
		};
/* End PBXCopyFilesBuildPhase section */

/* Begin PBXFileReference section */
		65625ECC223C03A00045C073 /* WRRoomTopViewController.swift */ = {isa = PBXFileReference; lastKnownFileType = sourcecode.swift; path = WRRoomTopViewController.swift; sourceTree = "<group>"; };
		65625ECE223C03CF0045C073 /* WebRTCRoomClient.swift */ = {isa = PBXFileReference; lastKnownFileType = sourcecode.swift; path = WebRTCRoomClient.swift; sourceTree = "<group>"; };
		65625ED0223C03E30045C073 /* SignalingRoomClient.swift */ = {isa = PBXFileReference; lastKnownFileType = sourcecode.swift; path = SignalingRoomClient.swift; sourceTree = "<group>"; };
		65625ED2223C04CA0045C073 /* WRRoomTopViewController.storyboard */ = {isa = PBXFileReference; lastKnownFileType = file.storyboard; path = WRRoomTopViewController.storyboard; sourceTree = "<group>"; };
		65625ED52242A6AD0045C073 /* ReplayKitViewController.swift */ = {isa = PBXFileReference; lastKnownFileType = sourcecode.swift; path = ReplayKitViewController.swift; sourceTree = "<group>"; };
		65625ED72242A6C40045C073 /* ReplayKitViewController.storyboard */ = {isa = PBXFileReference; lastKnownFileType = file.storyboard; path = ReplayKitViewController.storyboard; sourceTree = "<group>"; };
		65625EE12242A8120045C073 /* ReplayKit.framework */ = {isa = PBXFileReference; lastKnownFileType = wrapper.framework; name = ReplayKit.framework; path = System/Library/Frameworks/ReplayKit.framework; sourceTree = SDKROOT; };
		65625EE32242A8120045C073 /* UIKit.framework */ = {isa = PBXFileReference; lastKnownFileType = wrapper.framework; name = UIKit.framework; path = System/Library/Frameworks/UIKit.framework; sourceTree = SDKROOT; };
		65625EF42242A8B30045C073 /* StreamingDemoUpload.appex */ = {isa = PBXFileReference; explicitFileType = "wrapper.app-extension"; includeInIndex = 0; path = StreamingDemoUpload.appex; sourceTree = BUILT_PRODUCTS_DIR; };
		65625EF72242A8B30045C073 /* SampleHandler.swift */ = {isa = PBXFileReference; lastKnownFileType = sourcecode.swift; path = SampleHandler.swift; sourceTree = "<group>"; };
		65625EF92242A8B30045C073 /* Info.plist */ = {isa = PBXFileReference; lastKnownFileType = text.plist.xml; path = Info.plist; sourceTree = "<group>"; };
		65625EFE2242A8B40045C073 /* StreamingDemoUploadSetupUI.appex */ = {isa = PBXFileReference; explicitFileType = "wrapper.app-extension"; includeInIndex = 0; path = StreamingDemoUploadSetupUI.appex; sourceTree = BUILT_PRODUCTS_DIR; };
		65625F022242A8B40045C073 /* BroadcastSetupViewController.swift */ = {isa = PBXFileReference; lastKnownFileType = sourcecode.swift; path = BroadcastSetupViewController.swift; sourceTree = "<group>"; };
		65625F042242A8B40045C073 /* Info.plist */ = {isa = PBXFileReference; lastKnownFileType = text.plist.xml; path = Info.plist; sourceTree = "<group>"; };
		65625F112242AAF90045C073 /* RTMPBroadcaster.swift */ = {isa = PBXFileReference; lastKnownFileType = sourcecode.swift; path = RTMPBroadcaster.swift; sourceTree = "<group>"; };
		7393DF25F165D7FB40BE6730 /* Pods-StreamingDemo.debug.xcconfig */ = {isa = PBXFileReference; includeInIndex = 1; lastKnownFileType = text.xcconfig; name = "Pods-StreamingDemo.debug.xcconfig"; path = "Target Support Files/Pods-StreamingDemo/Pods-StreamingDemo.debug.xcconfig"; sourceTree = "<group>"; };
		760AD4A52240A81C000B1283 /* GifWebView.swift */ = {isa = PBXFileReference; lastKnownFileType = sourcecode.swift; path = GifWebView.swift; sourceTree = "<group>"; };
		760E302E2240F729007588D7 /* AudioObserverViewController.swift */ = {isa = PBXFileReference; lastKnownFileType = sourcecode.swift; path = AudioObserverViewController.swift; sourceTree = "<group>"; };
		760E30302240F73F007588D7 /* AudioObserverViewController.storyboard */ = {isa = PBXFileReference; lastKnownFileType = file.storyboard; path = AudioObserverViewController.storyboard; sourceTree = "<group>"; };
		762E268B223742AF00B8BFF4 /* WebRTC.framework */ = {isa = PBXFileReference; lastKnownFileType = wrapper.framework; name = WebRTC.framework; path = Lib/WebRTC.framework; sourceTree = "<group>"; };
		7655FF0F222659370054B5A8 /* StreamingDemo.app */ = {isa = PBXFileReference; explicitFileType = wrapper.application; includeInIndex = 0; path = StreamingDemo.app; sourceTree = BUILT_PRODUCTS_DIR; };
		7655FF12222659370054B5A8 /* AppDelegate.swift */ = {isa = PBXFileReference; lastKnownFileType = sourcecode.swift; path = AppDelegate.swift; sourceTree = "<group>"; };
		7655FF14222659370054B5A8 /* StreamingTopViewController.swift */ = {isa = PBXFileReference; lastKnownFileType = sourcecode.swift; path = StreamingTopViewController.swift; sourceTree = "<group>"; };
		7655FF17222659370054B5A8 /* Base */ = {isa = PBXFileReference; lastKnownFileType = file.storyboard; name = Base; path = Base.lproj/StreamingTopViewController.storyboard; sourceTree = "<group>"; };
		7655FF192226593A0054B5A8 /* Assets.xcassets */ = {isa = PBXFileReference; lastKnownFileType = folder.assetcatalog; path = Assets.xcassets; sourceTree = "<group>"; };
		7655FF1C2226593A0054B5A8 /* Base */ = {isa = PBXFileReference; lastKnownFileType = file.storyboard; name = Base; path = Base.lproj/LaunchScreen.storyboard; sourceTree = "<group>"; };
		7655FF1E2226593A0054B5A8 /* Info.plist */ = {isa = PBXFileReference; lastKnownFileType = text.plist.xml; path = Info.plist; sourceTree = "<group>"; };
		7655FF232226593A0054B5A8 /* StreamingDemoTests.xctest */ = {isa = PBXFileReference; explicitFileType = wrapper.cfbundle; includeInIndex = 0; path = StreamingDemoTests.xctest; sourceTree = BUILT_PRODUCTS_DIR; };
		7655FF272226593A0054B5A8 /* StreamingDemoTests.swift */ = {isa = PBXFileReference; lastKnownFileType = sourcecode.swift; path = StreamingDemoTests.swift; sourceTree = "<group>"; };
		7655FF292226593A0054B5A8 /* Info.plist */ = {isa = PBXFileReference; lastKnownFileType = text.plist.xml; path = Info.plist; sourceTree = "<group>"; };
		7655FF2E2226593A0054B5A8 /* StreamingDemoUITests.xctest */ = {isa = PBXFileReference; explicitFileType = wrapper.cfbundle; includeInIndex = 0; path = StreamingDemoUITests.xctest; sourceTree = BUILT_PRODUCTS_DIR; };
		7655FF322226593A0054B5A8 /* StreamingDemoUITests.swift */ = {isa = PBXFileReference; lastKnownFileType = sourcecode.swift; path = StreamingDemoUITests.swift; sourceTree = "<group>"; };
		7655FF342226593A0054B5A8 /* Info.plist */ = {isa = PBXFileReference; lastKnownFileType = text.plist.xml; path = Info.plist; sourceTree = "<group>"; };
		7655FF4122265D200054B5A8 /* StreamingChildPlayerViewController.swift */ = {isa = PBXFileReference; lastKnownFileType = sourcecode.swift; path = StreamingChildPlayerViewController.swift; sourceTree = "<group>"; };
		766D94F722449517005D383E /* BroadcastSetupViewController.storyboard */ = {isa = PBXFileReference; lastKnownFileType = file.storyboard; path = BroadcastSetupViewController.storyboard; sourceTree = "<group>"; };
		766D95002244E8C6005D383E /* MicVolumeViewController.swift */ = {isa = PBXFileReference; lastKnownFileType = sourcecode.swift; path = MicVolumeViewController.swift; sourceTree = "<group>"; };
		766D95022244E91D005D383E /* MicVolumeViewController.storyboard */ = {isa = PBXFileReference; lastKnownFileType = file.storyboard; path = MicVolumeViewController.storyboard; sourceTree = "<group>"; };
		766D95042244E996005D383E /* MicVolumeObserver.swift */ = {isa = PBXFileReference; lastKnownFileType = sourcecode.swift; path = MicVolumeObserver.swift; sourceTree = "<group>"; };
		76A3756C222F8DCD00B2AF9A /* WSTopViewController.swift */ = {isa = PBXFileReference; lastKnownFileType = sourcecode.swift; path = WSTopViewController.swift; sourceTree = "<group>"; };
		76A3756E222F8DE600B2AF9A /* WSTopViewController.storyboard */ = {isa = PBXFileReference; lastKnownFileType = file.storyboard; path = WSTopViewController.storyboard; sourceTree = "<group>"; };
		76A37570222F9BB600B2AF9A /* SocketIO.framework */ = {isa = PBXFileReference; lastKnownFileType = wrapper.framework; name = SocketIO.framework; path = Carthage/Build/iOS/SocketIO.framework; sourceTree = "<group>"; };
		76A37576222F9CFE00B2AF9A /* Starscream.framework */ = {isa = PBXFileReference; lastKnownFileType = wrapper.framework; name = Starscream.framework; path = Carthage/Build/iOS/Starscream.framework; sourceTree = "<group>"; };
		76A37578222F9F7E00B2AF9A /* NetworkManager.swift */ = {isa = PBXFileReference; lastKnownFileType = sourcecode.swift; path = NetworkManager.swift; sourceTree = "<group>"; };
		76A3757F2230E50100B2AF9A /* WebRTCClient.swift */ = {isa = PBXFileReference; lastKnownFileType = sourcecode.swift; path = WebRTCClient.swift; sourceTree = "<group>"; };
		76A375812230E51500B2AF9A /* SignalingClient.swift */ = {isa = PBXFileReference; lastKnownFileType = sourcecode.swift; path = SignalingClient.swift; sourceTree = "<group>"; };
		76A375832230E53800B2AF9A /* Message.swift */ = {isa = PBXFileReference; lastKnownFileType = sourcecode.swift; path = Message.swift; sourceTree = "<group>"; };
		76A375852230E56F00B2AF9A /* Config.swift */ = {isa = PBXFileReference; lastKnownFileType = sourcecode.swift; path = Config.swift; sourceTree = "<group>"; };
		76A375872230E59400B2AF9A /* RTCStates.swift */ = {isa = PBXFileReference; lastKnownFileType = sourcecode.swift; path = RTCStates.swift; sourceTree = "<group>"; };
		76A375892230E5AC00B2AF9A /* SessionDescription.swift */ = {isa = PBXFileReference; lastKnownFileType = sourcecode.swift; path = SessionDescription.swift; sourceTree = "<group>"; };
		76A3758B2230E5BE00B2AF9A /* IceCandidate.swift */ = {isa = PBXFileReference; lastKnownFileType = sourcecode.swift; path = IceCandidate.swift; sourceTree = "<group>"; };
		76BD9324223F4649005752EA /* OpenEarsViewController.swift */ = {isa = PBXFileReference; lastKnownFileType = sourcecode.swift; path = OpenEarsViewController.swift; sourceTree = "<group>"; };
		76BD9326223F4657005752EA /* OpenEarsViewController.storyboard */ = {isa = PBXFileReference; lastKnownFileType = file.storyboard; path = OpenEarsViewController.storyboard; sourceTree = "<group>"; };
		76BD9329223F47CB005752EA /* Slt.framework */ = {isa = PBXFileReference; lastKnownFileType = wrapper.framework; path = Slt.framework; sourceTree = "<group>"; };
		76BD932A223F47CB005752EA /* OpenEars.framework */ = {isa = PBXFileReference; lastKnownFileType = wrapper.framework; path = OpenEars.framework; sourceTree = "<group>"; };
		76BD932B223F47CB005752EA /* AcousticModelEnglish.bundle */ = {isa = PBXFileReference; lastKnownFileType = "wrapper.plug-in"; path = AcousticModelEnglish.bundle; sourceTree = "<group>"; };
		76BD9333223F48A9005752EA /* OpenEarsHeader.h */ = {isa = PBXFileReference; lastKnownFileType = sourcecode.c.h; path = OpenEarsHeader.h; sourceTree = "<group>"; };
		76BD933B223F4B50005752EA /* AudioToolbox.framework */ = {isa = PBXFileReference; lastKnownFileType = wrapper.framework; name = AudioToolbox.framework; path = System/Library/Frameworks/AudioToolbox.framework; sourceTree = SDKROOT; };
		76BD933D223F4B63005752EA /* AVFoundation.framework */ = {isa = PBXFileReference; lastKnownFileType = wrapper.framework; name = AVFoundation.framework; path = System/Library/Frameworks/AVFoundation.framework; sourceTree = SDKROOT; };
		76BD9340223F4DDB005752EA /* Slt.framework */ = {isa = PBXFileReference; lastKnownFileType = wrapper.framework; path = Slt.framework; sourceTree = "<group>"; };
		76BD9341223F4DDB005752EA /* OpenEars.framework */ = {isa = PBXFileReference; lastKnownFileType = wrapper.framework; path = OpenEars.framework; sourceTree = "<group>"; };
		76BD9342223F4DDB005752EA /* AcousticModelEnglish.bundle */ = {isa = PBXFileReference; lastKnownFileType = "wrapper.plug-in"; path = AcousticModelEnglish.bundle; sourceTree = "<group>"; };
		76CDA1ED2239055800250653 /* VoiceStampViewController.swift */ = {isa = PBXFileReference; lastKnownFileType = sourcecode.swift; path = VoiceStampViewController.swift; sourceTree = "<group>"; };
		76CDA1EF2239058A00250653 /* VoiceStampViewController.storyboard */ = {isa = PBXFileReference; lastKnownFileType = file.storyboard; path = VoiceStampViewController.storyboard; sourceTree = "<group>"; };
		76DC485D222F5B7300ED1B0B /* LaunchTopViewController.swift */ = {isa = PBXFileReference; lastKnownFileType = sourcecode.swift; path = LaunchTopViewController.swift; sourceTree = "<group>"; };
		76DC485F222F5B8D00ED1B0B /* LaunchTopViewController.storyboard */ = {isa = PBXFileReference; lastKnownFileType = file.storyboard; path = LaunchTopViewController.storyboard; sourceTree = "<group>"; };
		76DC4862222F5C4700ED1B0B /* WRTopViewController.swift */ = {isa = PBXFileReference; lastKnownFileType = sourcecode.swift; path = WRTopViewController.swift; sourceTree = "<group>"; };
		76DC4864222F5F9B00ED1B0B /* WRTopViewController.storyboard */ = {isa = PBXFileReference; lastKnownFileType = file.storyboard; path = WRTopViewController.storyboard; sourceTree = "<group>"; };
		76DC4867222F5FC900ED1B0B /* NSObject+Ex.swift */ = {isa = PBXFileReference; lastKnownFileType = sourcecode.swift; path = "NSObject+Ex.swift"; sourceTree = "<group>"; };
		76DC4869222F628200ED1B0B /* TopNavigationController.swift */ = {isa = PBXFileReference; lastKnownFileType = sourcecode.swift; path = TopNavigationController.swift; sourceTree = "<group>"; };
		76DDE4D6223754D700EFACB0 /* WebRTC.framework */ = {isa = PBXFileReference; lastKnownFileType = wrapper.framework; name = WebRTC.framework; path = Lib/WebRTC.framework; sourceTree = "<group>"; };
		76DDE4DC223756F300EFACB0 /* SFUHostViewController.swift */ = {isa = PBXFileReference; lastKnownFileType = sourcecode.swift; path = SFUHostViewController.swift; sourceTree = "<group>"; };
		76DDE4DE2237571800EFACB0 /* SFUHostViewController.storyboard */ = {isa = PBXFileReference; lastKnownFileType = file.storyboard; path = SFUHostViewController.storyboard; sourceTree = "<group>"; };
		76DDE4E02237575400EFACB0 /* SFUAudienceViewController.swift */ = {isa = PBXFileReference; lastKnownFileType = sourcecode.swift; path = SFUAudienceViewController.swift; sourceTree = "<group>"; };
		76DDE4E22237576E00EFACB0 /* SFUAudienceViewController.storyboard */ = {isa = PBXFileReference; lastKnownFileType = file.storyboard; path = SFUAudienceViewController.storyboard; sourceTree = "<group>"; };
		76EDDB78222E57D00017D1F6 /* StreamingHaishinViewController.swift */ = {isa = PBXFileReference; lastKnownFileType = sourcecode.swift; path = StreamingHaishinViewController.swift; sourceTree = "<group>"; };
		76EDDB7A222E5A3F0017D1F6 /* Bridging-Header.h */ = {isa = PBXFileReference; lastKnownFileType = sourcecode.c.h; path = "Bridging-Header.h"; sourceTree = "<group>"; };
		76EDDB7B222E5FDD0017D1F6 /* StreamingPlayerManager.swift */ = {isa = PBXFileReference; lastKnownFileType = sourcecode.swift; path = StreamingPlayerManager.swift; sourceTree = "<group>"; };
		76EDDB7D222E68980017D1F6 /* Alamofire.framework */ = {isa = PBXFileReference; lastKnownFileType = wrapper.framework; name = Alamofire.framework; path = Carthage/Build/iOS/Alamofire.framework; sourceTree = "<group>"; };
		76EDDB7E222E68990017D1F6 /* Logboard.framework */ = {isa = PBXFileReference; lastKnownFileType = wrapper.framework; name = Logboard.framework; path = Carthage/Build/iOS/Logboard.framework; sourceTree = "<group>"; };
		76EDDB7F222E68990017D1F6 /* RxBlocking.framework */ = {isa = PBXFileReference; lastKnownFileType = wrapper.framework; name = RxBlocking.framework; path = Carthage/Build/iOS/RxBlocking.framework; sourceTree = "<group>"; };
		76EDDB80222E68990017D1F6 /* RxAlamofire.framework */ = {isa = PBXFileReference; lastKnownFileType = wrapper.framework; name = RxAlamofire.framework; path = Carthage/Build/iOS/RxAlamofire.framework; sourceTree = "<group>"; };
		76EDDB81222E68990017D1F6 /* RxSwift.framework */ = {isa = PBXFileReference; lastKnownFileType = wrapper.framework; name = RxSwift.framework; path = Carthage/Build/iOS/RxSwift.framework; sourceTree = "<group>"; };
		76EDDB82222E68990017D1F6 /* RxAtomic.framework */ = {isa = PBXFileReference; lastKnownFileType = wrapper.framework; name = RxAtomic.framework; path = Carthage/Build/iOS/RxAtomic.framework; sourceTree = "<group>"; };
		76EDDB83222E68990017D1F6 /* HaishinKit.framework */ = {isa = PBXFileReference; lastKnownFileType = wrapper.framework; name = HaishinKit.framework; path = Carthage/Build/iOS/HaishinKit.framework; sourceTree = "<group>"; };
		76EDDB84222E68990017D1F6 /* RxCocoa.framework */ = {isa = PBXFileReference; lastKnownFileType = wrapper.framework; name = RxCocoa.framework; path = Carthage/Build/iOS/RxCocoa.framework; sourceTree = "<group>"; };
		76EDDB8F222E695E0017D1F6 /* SwiftyJSON.framework */ = {isa = PBXFileReference; lastKnownFileType = wrapper.framework; name = SwiftyJSON.framework; path = Carthage/Build/iOS/SwiftyJSON.framework; sourceTree = "<group>"; };
		76EDDB96222F5A7A0017D1F6 /* StreamingParentPlayerViewController.swift */ = {isa = PBXFileReference; lastKnownFileType = sourcecode.swift; path = StreamingParentPlayerViewController.swift; sourceTree = "<group>"; };
		76F1ABA2224B7D7B000749A3 /* MD5.swift */ = {isa = PBXFileReference; fileEncoding = 4; lastKnownFileType = sourcecode.swift; path = MD5.swift; sourceTree = "<group>"; };
		76F1ABA5224C5A06000749A3 /* ByteArray.swift */ = {isa = PBXFileReference; lastKnownFileType = sourcecode.swift; path = ByteArray.swift; sourceTree = "<group>"; };
		76F1ABA8224C5A96000749A3 /* ExpressibleByIntegerLiteral.swift */ = {isa = PBXFileReference; lastKnownFileType = sourcecode.swift; path = ExpressibleByIntegerLiteral.swift; sourceTree = "<group>"; };
		76F1ABAA224C5C3C000749A3 /* URL+.swift */ = {isa = PBXFileReference; lastKnownFileType = sourcecode.swift; path = "URL+.swift"; sourceTree = "<group>"; };
		891280B8937B6EEEB43569F0 /* Pods-StreamingDemo.release.xcconfig */ = {isa = PBXFileReference; includeInIndex = 1; lastKnownFileType = text.xcconfig; name = "Pods-StreamingDemo.release.xcconfig"; path = "Target Support Files/Pods-StreamingDemo/Pods-StreamingDemo.release.xcconfig"; sourceTree = "<group>"; };
		B5EE9731C2ADC6590E0F5AD9 /* Pods_StreamingDemo.framework */ = {isa = PBXFileReference; explicitFileType = wrapper.framework; includeInIndex = 0; path = Pods_StreamingDemo.framework; sourceTree = BUILT_PRODUCTS_DIR; };
/* End PBXFileReference section */

/* Begin PBXFrameworksBuildPhase section */
		65625EF12242A8B30045C073 /* Frameworks */ = {
			isa = PBXFrameworksBuildPhase;
			buildActionMask = 2147483647;
			files = (
				65625F152242ABFC0045C073 /* HaishinKit.framework in Frameworks */,
				65625EF52242A8B30045C073 /* ReplayKit.framework in Frameworks */,
			);
			runOnlyForDeploymentPostprocessing = 0;
		};
		65625EFB2242A8B40045C073 /* Frameworks */ = {
			isa = PBXFrameworksBuildPhase;
			buildActionMask = 2147483647;
			files = (
				65625EFF2242A8B40045C073 /* ReplayKit.framework in Frameworks */,
				65625F002242A8B40045C073 /* UIKit.framework in Frameworks */,
			);
			runOnlyForDeploymentPostprocessing = 0;
		};
		7655FF0C222659370054B5A8 /* Frameworks */ = {
			isa = PBXFrameworksBuildPhase;
			buildActionMask = 2147483647;
			files = (
				65625F192242B71B0045C073 /* ReplayKit.framework in Frameworks */,
				76BD933E223F4B63005752EA /* AVFoundation.framework in Frameworks */,
				76BD933C223F4B50005752EA /* AudioToolbox.framework in Frameworks */,
				762E268C223742AF00B8BFF4 /* WebRTC.framework in Frameworks */,
				76A37577222F9CFF00B2AF9A /* Starscream.framework in Frameworks */,
				76A37575222F9CFE00B2AF9A /* SocketIO.framework in Frameworks */,
				76DDE4D7223754D700EFACB0 /* WebRTC.framework in Frameworks */,
				76BD9343223F4DDB005752EA /* Slt.framework in Frameworks */,
				76EDDB90222E695F0017D1F6 /* SwiftyJSON.framework in Frameworks */,
				76EDDB86222E68990017D1F6 /* Alamofire.framework in Frameworks */,
				76EDDB87222E68990017D1F6 /* Logboard.framework in Frameworks */,
				76EDDB88222E68990017D1F6 /* RxBlocking.framework in Frameworks */,
				76EDDB89222E68990017D1F6 /* RxAlamofire.framework in Frameworks */,
				76EDDB8A222E68990017D1F6 /* RxSwift.framework in Frameworks */,
				76EDDB8B222E68990017D1F6 /* RxAtomic.framework in Frameworks */,
				76EDDB8C222E68990017D1F6 /* HaishinKit.framework in Frameworks */,
				65625F132242ABF10045C073 /* HaishinKit.framework in Frameworks */,
				76EDDB8D222E68990017D1F6 /* RxCocoa.framework in Frameworks */,
				E30B1AA95261F1F3B9809E7A /* Pods_StreamingDemo.framework in Frameworks */,
				76BD9344223F4DDB005752EA /* OpenEars.framework in Frameworks */,
			);
			runOnlyForDeploymentPostprocessing = 0;
		};
		7655FF202226593A0054B5A8 /* Frameworks */ = {
			isa = PBXFrameworksBuildPhase;
			buildActionMask = 2147483647;
			files = (
			);
			runOnlyForDeploymentPostprocessing = 0;
		};
		7655FF2B2226593A0054B5A8 /* Frameworks */ = {
			isa = PBXFrameworksBuildPhase;
			buildActionMask = 2147483647;
			files = (
			);
			runOnlyForDeploymentPostprocessing = 0;
		};
/* End PBXFrameworksBuildPhase section */

/* Begin PBXGroup section */
		34D08A1FF2A7BF2D01408D1D /* Pods */ = {
			isa = PBXGroup;
			children = (
				7393DF25F165D7FB40BE6730 /* Pods-StreamingDemo.debug.xcconfig */,
				891280B8937B6EEEB43569F0 /* Pods-StreamingDemo.release.xcconfig */,
			);
			path = Pods;
			sourceTree = "<group>";
		};
		65625ECB223C03690045C073 /* WebRTC-Room */ = {
			isa = PBXGroup;
			children = (
				65625ECC223C03A00045C073 /* WRRoomTopViewController.swift */,
				65625ED2223C04CA0045C073 /* WRRoomTopViewController.storyboard */,
				65625ECE223C03CF0045C073 /* WebRTCRoomClient.swift */,
				65625ED0223C03E30045C073 /* SignalingRoomClient.swift */,
			);
			path = "WebRTC-Room";
			sourceTree = "<group>";
		};
		65625ED42242A6920045C073 /* ReplayKit */ = {
			isa = PBXGroup;
			children = (
				76F1ABA7224C5A18000749A3 /* Util */,
				65625ED92242A7230045C073 /* Extension */,
				65625ED52242A6AD0045C073 /* ReplayKitViewController.swift */,
				65625ED72242A6C40045C073 /* ReplayKitViewController.storyboard */,
			);
			path = ReplayKit;
			sourceTree = "<group>";
		};
		65625ED92242A7230045C073 /* Extension */ = {
			isa = PBXGroup;
			children = (
				65625EF62242A8B30045C073 /* StreamingDemoUpload */,
				65625F012242A8B40045C073 /* StreamingDemoUploadSetupUI */,
			);
			path = Extension;
			sourceTree = "<group>";
		};
		65625EF62242A8B30045C073 /* StreamingDemoUpload */ = {
			isa = PBXGroup;
			children = (
				65625EF72242A8B30045C073 /* SampleHandler.swift */,
				65625F112242AAF90045C073 /* RTMPBroadcaster.swift */,
				65625EF92242A8B30045C073 /* Info.plist */,
			);
			path = StreamingDemoUpload;
			sourceTree = "<group>";
		};
		65625F012242A8B40045C073 /* StreamingDemoUploadSetupUI */ = {
			isa = PBXGroup;
			children = (
				65625F022242A8B40045C073 /* BroadcastSetupViewController.swift */,
				766D94F722449517005D383E /* BroadcastSetupViewController.storyboard */,
				65625F042242A8B40045C073 /* Info.plist */,
			);
			path = StreamingDemoUploadSetupUI;
			sourceTree = "<group>";
		};
		6A8EB810CA936B2E63F42621 /* Frameworks */ = {
			isa = PBXGroup;
			children = (
				76BD933D223F4B63005752EA /* AVFoundation.framework */,
				76BD933B223F4B50005752EA /* AudioToolbox.framework */,
				76BD9328223F47CB005752EA /* Framework */,
				762E268B223742AF00B8BFF4 /* WebRTC.framework */,
				76A37576222F9CFE00B2AF9A /* Starscream.framework */,
				76A37570222F9BB600B2AF9A /* SocketIO.framework */,
				76EDDB8F222E695E0017D1F6 /* SwiftyJSON.framework */,
				76EDDB7D222E68980017D1F6 /* Alamofire.framework */,
				76EDDB83222E68990017D1F6 /* HaishinKit.framework */,
				76EDDB7E222E68990017D1F6 /* Logboard.framework */,
				76EDDB80222E68990017D1F6 /* RxAlamofire.framework */,
				76EDDB82222E68990017D1F6 /* RxAtomic.framework */,
				76EDDB7F222E68990017D1F6 /* RxBlocking.framework */,
				76EDDB84222E68990017D1F6 /* RxCocoa.framework */,
				76EDDB81222E68990017D1F6 /* RxSwift.framework */,
				B5EE9731C2ADC6590E0F5AD9 /* Pods_StreamingDemo.framework */,
				65625EE12242A8120045C073 /* ReplayKit.framework */,
				65625EE32242A8120045C073 /* UIKit.framework */,
			);
			name = Frameworks;
			sourceTree = "<group>";
		};
		760E302D2240F707007588D7 /* AudioObserver */ = {
			isa = PBXGroup;
			children = (
				760E302E2240F729007588D7 /* AudioObserverViewController.swift */,
				760E30302240F73F007588D7 /* AudioObserverViewController.storyboard */,
			);
			path = AudioObserver;
			sourceTree = "<group>";
		};
		7655FF06222659370054B5A8 = {
			isa = PBXGroup;
			children = (
				7655FF11222659370054B5A8 /* StreamingDemo */,
				7655FF262226593A0054B5A8 /* StreamingDemoTests */,
				7655FF312226593A0054B5A8 /* StreamingDemoUITests */,
				76DDE4D52237546B00EFACB0 /* Lib */,
				7655FF10222659370054B5A8 /* Products */,
				34D08A1FF2A7BF2D01408D1D /* Pods */,
				6A8EB810CA936B2E63F42621 /* Frameworks */,
			);
			sourceTree = "<group>";
		};
		7655FF10222659370054B5A8 /* Products */ = {
			isa = PBXGroup;
			children = (
				7655FF0F222659370054B5A8 /* StreamingDemo.app */,
				7655FF232226593A0054B5A8 /* StreamingDemoTests.xctest */,
				7655FF2E2226593A0054B5A8 /* StreamingDemoUITests.xctest */,
				65625EF42242A8B30045C073 /* StreamingDemoUpload.appex */,
				65625EFE2242A8B40045C073 /* StreamingDemoUploadSetupUI.appex */,
			);
			name = Products;
			sourceTree = "<group>";
		};
		7655FF11222659370054B5A8 /* StreamingDemo */ = {
			isa = PBXGroup;
			children = (
				766D94FF2244E8A9005D383E /* MicVolume */,
				65625ED42242A6920045C073 /* ReplayKit */,
				76BD933F223F4DDB005752EA /* Framework */,
				760E302D2240F707007588D7 /* AudioObserver */,
				76BD9323223F4638005752EA /* OpenEars */,
				76CDA1EC2239054800250653 /* VoiceStamp */,
				76DC4866222F5FB700ED1B0B /* Extension */,
				76EDDB95222F5A560017D1F6 /* Streaming */,
				76A3756B222F8DB300B2AF9A /* WebSocket */,
				76DC4861222F5C2400ED1B0B /* WebRTC-1on */,
				65625ECB223C03690045C073 /* WebRTC-Room */,
				76DDE4DB223756CB00EFACB0 /* SFU */,
				7655FF12222659370054B5A8 /* AppDelegate.swift */,
				76EDDB7A222E5A3F0017D1F6 /* Bridging-Header.h */,
				76BD9333223F48A9005752EA /* OpenEarsHeader.h */,
				7655FF192226593A0054B5A8 /* Assets.xcassets */,
				7655FF1B2226593A0054B5A8 /* LaunchScreen.storyboard */,
				7655FF1E2226593A0054B5A8 /* Info.plist */,
				76DC485D222F5B7300ED1B0B /* LaunchTopViewController.swift */,
				76DC485F222F5B8D00ED1B0B /* LaunchTopViewController.storyboard */,
				76DC4869222F628200ED1B0B /* TopNavigationController.swift */,
				76A37578222F9F7E00B2AF9A /* NetworkManager.swift */,
			);
			path = StreamingDemo;
			sourceTree = "<group>";
		};
		7655FF262226593A0054B5A8 /* StreamingDemoTests */ = {
			isa = PBXGroup;
			children = (
				7655FF272226593A0054B5A8 /* StreamingDemoTests.swift */,
				7655FF292226593A0054B5A8 /* Info.plist */,
			);
			path = StreamingDemoTests;
			sourceTree = "<group>";
		};
		7655FF312226593A0054B5A8 /* StreamingDemoUITests */ = {
			isa = PBXGroup;
			children = (
				7655FF322226593A0054B5A8 /* StreamingDemoUITests.swift */,
				7655FF342226593A0054B5A8 /* Info.plist */,
			);
			path = StreamingDemoUITests;
			sourceTree = "<group>";
		};
		766D94FF2244E8A9005D383E /* MicVolume */ = {
			isa = PBXGroup;
			children = (
				766D95002244E8C6005D383E /* MicVolumeViewController.swift */,
				766D95022244E91D005D383E /* MicVolumeViewController.storyboard */,
				766D95042244E996005D383E /* MicVolumeObserver.swift */,
			);
			path = MicVolume;
			sourceTree = "<group>";
		};
		76A3756B222F8DB300B2AF9A /* WebSocket */ = {
			isa = PBXGroup;
			children = (
				76A3756C222F8DCD00B2AF9A /* WSTopViewController.swift */,
				76A3756E222F8DE600B2AF9A /* WSTopViewController.storyboard */,
			);
			path = WebSocket;
			sourceTree = "<group>";
		};
		76BD9323223F4638005752EA /* OpenEars */ = {
			isa = PBXGroup;
			children = (
				76BD9324223F4649005752EA /* OpenEarsViewController.swift */,
				76BD9326223F4657005752EA /* OpenEarsViewController.storyboard */,
			);
			path = OpenEars;
			sourceTree = "<group>";
		};
		76BD9328223F47CB005752EA /* Framework */ = {
			isa = PBXGroup;
			children = (
				76BD9329223F47CB005752EA /* Slt.framework */,
				76BD932A223F47CB005752EA /* OpenEars.framework */,
				76BD932B223F47CB005752EA /* AcousticModelEnglish.bundle */,
			);
			path = Framework;
			sourceTree = "<group>";
		};
		76BD933F223F4DDB005752EA /* Framework */ = {
			isa = PBXGroup;
			children = (
				76BD9340223F4DDB005752EA /* Slt.framework */,
				76BD9341223F4DDB005752EA /* OpenEars.framework */,
				76BD9342223F4DDB005752EA /* AcousticModelEnglish.bundle */,
			);
			path = Framework;
			sourceTree = SOURCE_ROOT;
		};
		76CDA1EC2239054800250653 /* VoiceStamp */ = {
			isa = PBXGroup;
			children = (
				76CDA1ED2239055800250653 /* VoiceStampViewController.swift */,
				76CDA1EF2239058A00250653 /* VoiceStampViewController.storyboard */,
				760AD4A52240A81C000B1283 /* GifWebView.swift */,
			);
			path = VoiceStamp;
			sourceTree = "<group>";
		};
		76DC4861222F5C2400ED1B0B /* WebRTC-1on */ = {
			isa = PBXGroup;
			children = (
				76DC4862222F5C4700ED1B0B /* WRTopViewController.swift */,
				76DC4864222F5F9B00ED1B0B /* WRTopViewController.storyboard */,
				76A3757F2230E50100B2AF9A /* WebRTCClient.swift */,
				76A375812230E51500B2AF9A /* SignalingClient.swift */,
				76A375832230E53800B2AF9A /* Message.swift */,
				76A375852230E56F00B2AF9A /* Config.swift */,
				76A375872230E59400B2AF9A /* RTCStates.swift */,
				76A375892230E5AC00B2AF9A /* SessionDescription.swift */,
				76A3758B2230E5BE00B2AF9A /* IceCandidate.swift */,
			);
			path = "WebRTC-1on";
			sourceTree = "<group>";
		};
		76DC4866222F5FB700ED1B0B /* Extension */ = {
			isa = PBXGroup;
			children = (
				76DC4867222F5FC900ED1B0B /* NSObject+Ex.swift */,
			);
			path = Extension;
			sourceTree = "<group>";
		};
		76DDE4D52237546B00EFACB0 /* Lib */ = {
			isa = PBXGroup;
			children = (
				76DDE4D6223754D700EFACB0 /* WebRTC.framework */,
			);
			name = Lib;
			sourceTree = "<group>";
		};
		76DDE4DB223756CB00EFACB0 /* SFU */ = {
			isa = PBXGroup;
			children = (
				76DDE4DC223756F300EFACB0 /* SFUHostViewController.swift */,
				76DDE4DE2237571800EFACB0 /* SFUHostViewController.storyboard */,
				76DDE4E02237575400EFACB0 /* SFUAudienceViewController.swift */,
				76DDE4E22237576E00EFACB0 /* SFUAudienceViewController.storyboard */,
			);
			path = SFU;
			sourceTree = "<group>";
		};
		76EDDB95222F5A560017D1F6 /* Streaming */ = {
			isa = PBXGroup;
			children = (
				76EDDB7B222E5FDD0017D1F6 /* StreamingPlayerManager.swift */,
				7655FF14222659370054B5A8 /* StreamingTopViewController.swift */,
				7655FF16222659370054B5A8 /* StreamingTopViewController.storyboard */,
				76EDDB78222E57D00017D1F6 /* StreamingHaishinViewController.swift */,
				76EDDB96222F5A7A0017D1F6 /* StreamingParentPlayerViewController.swift */,
				7655FF4122265D200054B5A8 /* StreamingChildPlayerViewController.swift */,
			);
			path = Streaming;
			sourceTree = "<group>";
		};
		76F1ABA7224C5A18000749A3 /* Util */ = {
			isa = PBXGroup;
			children = (
				76F1ABA2224B7D7B000749A3 /* MD5.swift */,
				76F1ABA5224C5A06000749A3 /* ByteArray.swift */,
				76F1ABA8224C5A96000749A3 /* ExpressibleByIntegerLiteral.swift */,
				76F1ABAA224C5C3C000749A3 /* URL+.swift */,
			);
			path = Util;
			sourceTree = "<group>";
		};
/* End PBXGroup section */

/* Begin PBXNativeTarget section */
		65625EF32242A8B30045C073 /* StreamingDemoUpload */ = {
			isa = PBXNativeTarget;
			buildConfigurationList = 65625F0E2242A8B40045C073 /* Build configuration list for PBXNativeTarget "StreamingDemoUpload" */;
			buildPhases = (
				65625EF02242A8B30045C073 /* Sources */,
				65625EF12242A8B30045C073 /* Frameworks */,
				65625EF22242A8B30045C073 /* Resources */,
			);
			buildRules = (
			);
			dependencies = (
			);
			name = StreamingDemoUpload;
			productName = StreamingDemoUpload;
			productReference = 65625EF42242A8B30045C073 /* StreamingDemoUpload.appex */;
			productType = "com.apple.product-type.app-extension";
		};
		65625EFD2242A8B40045C073 /* StreamingDemoUploadSetupUI */ = {
			isa = PBXNativeTarget;
			buildConfigurationList = 65625F0B2242A8B40045C073 /* Build configuration list for PBXNativeTarget "StreamingDemoUploadSetupUI" */;
			buildPhases = (
				65625EFA2242A8B40045C073 /* Sources */,
				65625EFB2242A8B40045C073 /* Frameworks */,
				65625EFC2242A8B40045C073 /* Resources */,
			);
			buildRules = (
			);
			dependencies = (
			);
			name = StreamingDemoUploadSetupUI;
			productName = StreamingDemoUploadSetupUI;
			productReference = 65625EFE2242A8B40045C073 /* StreamingDemoUploadSetupUI.appex */;
			productType = "com.apple.product-type.app-extension";
		};
		7655FF0E222659370054B5A8 /* StreamingDemo */ = {
			isa = PBXNativeTarget;
			buildConfigurationList = 7655FF372226593A0054B5A8 /* Build configuration list for PBXNativeTarget "StreamingDemo" */;
			buildPhases = (
				51326A0CBE2CC5F976B2DAFE /* [CP] Check Pods Manifest.lock */,
				7655FF0B222659370054B5A8 /* Sources */,
				7655FF0C222659370054B5A8 /* Frameworks */,
				7655FF0D222659370054B5A8 /* Resources */,
				76EDDB92222E6B3A0017D1F6 /* Carthage */,
				76A3757E222FB23F00B2AF9A /* Embed Frameworks */,
				65625EEF2242A8130045C073 /* Embed App Extensions */,
			);
			buildRules = (
			);
			dependencies = (
				65625F062242A8B40045C073 /* PBXTargetDependency */,
				65625F092242A8B40045C073 /* PBXTargetDependency */,
			);
			name = StreamingDemo;
			productName = StreamingDemo;
			productReference = 7655FF0F222659370054B5A8 /* StreamingDemo.app */;
			productType = "com.apple.product-type.application";
		};
		7655FF222226593A0054B5A8 /* StreamingDemoTests */ = {
			isa = PBXNativeTarget;
			buildConfigurationList = 7655FF3A2226593A0054B5A8 /* Build configuration list for PBXNativeTarget "StreamingDemoTests" */;
			buildPhases = (
				7655FF1F2226593A0054B5A8 /* Sources */,
				7655FF202226593A0054B5A8 /* Frameworks */,
				7655FF212226593A0054B5A8 /* Resources */,
			);
			buildRules = (
			);
			dependencies = (
				7655FF252226593A0054B5A8 /* PBXTargetDependency */,
			);
			name = StreamingDemoTests;
			productName = StreamingDemoTests;
			productReference = 7655FF232226593A0054B5A8 /* StreamingDemoTests.xctest */;
			productType = "com.apple.product-type.bundle.unit-test";
		};
		7655FF2D2226593A0054B5A8 /* StreamingDemoUITests */ = {
			isa = PBXNativeTarget;
			buildConfigurationList = 7655FF3D2226593A0054B5A8 /* Build configuration list for PBXNativeTarget "StreamingDemoUITests" */;
			buildPhases = (
				7655FF2A2226593A0054B5A8 /* Sources */,
				7655FF2B2226593A0054B5A8 /* Frameworks */,
				7655FF2C2226593A0054B5A8 /* Resources */,
			);
			buildRules = (
			);
			dependencies = (
				7655FF302226593A0054B5A8 /* PBXTargetDependency */,
			);
			name = StreamingDemoUITests;
			productName = StreamingDemoUITests;
			productReference = 7655FF2E2226593A0054B5A8 /* StreamingDemoUITests.xctest */;
			productType = "com.apple.product-type.bundle.ui-testing";
		};
/* End PBXNativeTarget section */

/* Begin PBXProject section */
		7655FF07222659370054B5A8 /* Project object */ = {
			isa = PBXProject;
			attributes = {
				LastSwiftUpdateCheck = 1010;
				LastUpgradeCheck = 1010;
				ORGANIZATIONNAME = "Kazuki Horie";
				TargetAttributes = {
					65625EF32242A8B30045C073 = {
						CreatedOnToolsVersion = 10.1;
					};
					65625EFD2242A8B40045C073 = {
						CreatedOnToolsVersion = 10.1;
					};
					7655FF0E222659370054B5A8 = {
						CreatedOnToolsVersion = 10.1;
					};
					7655FF222226593A0054B5A8 = {
						CreatedOnToolsVersion = 10.1;
						TestTargetID = 7655FF0E222659370054B5A8;
					};
					7655FF2D2226593A0054B5A8 = {
						CreatedOnToolsVersion = 10.1;
						TestTargetID = 7655FF0E222659370054B5A8;
					};
				};
			};
			buildConfigurationList = 7655FF0A222659370054B5A8 /* Build configuration list for PBXProject "StreamingDemo" */;
			compatibilityVersion = "Xcode 9.3";
			developmentRegion = en;
			hasScannedForEncodings = 0;
			knownRegions = (
				en,
				Base,
			);
			mainGroup = 7655FF06222659370054B5A8;
			productRefGroup = 7655FF10222659370054B5A8 /* Products */;
			projectDirPath = "";
			projectRoot = "";
			targets = (
				7655FF0E222659370054B5A8 /* StreamingDemo */,
				7655FF222226593A0054B5A8 /* StreamingDemoTests */,
				7655FF2D2226593A0054B5A8 /* StreamingDemoUITests */,
				65625EF32242A8B30045C073 /* StreamingDemoUpload */,
				65625EFD2242A8B40045C073 /* StreamingDemoUploadSetupUI */,
			);
		};
/* End PBXProject section */

/* Begin PBXResourcesBuildPhase section */
		65625EF22242A8B30045C073 /* Resources */ = {
			isa = PBXResourcesBuildPhase;
			buildActionMask = 2147483647;
			files = (
			);
			runOnlyForDeploymentPostprocessing = 0;
		};
		65625EFC2242A8B40045C073 /* Resources */ = {
			isa = PBXResourcesBuildPhase;
			buildActionMask = 2147483647;
			files = (
				766D94F9224495CF005D383E /* BroadcastSetupViewController.storyboard in Resources */,
			);
			runOnlyForDeploymentPostprocessing = 0;
		};
		7655FF0D222659370054B5A8 /* Resources */ = {
			isa = PBXResourcesBuildPhase;
			buildActionMask = 2147483647;
			files = (
				76CDA1F02239058A00250653 /* VoiceStampViewController.storyboard in Resources */,
				65625ED3223C04CA0045C073 /* WRRoomTopViewController.storyboard in Resources */,
				76DDE4DF2237571800EFACB0 /* SFUHostViewController.storyboard in Resources */,
				7655FF1D2226593A0054B5A8 /* LaunchScreen.storyboard in Resources */,
				760E30312240F73F007588D7 /* AudioObserverViewController.storyboard in Resources */,
				76DC4865222F5F9B00ED1B0B /* WRTopViewController.storyboard in Resources */,
				76BD9327223F4657005752EA /* OpenEarsViewController.storyboard in Resources */,
				766D95032244E91D005D383E /* MicVolumeViewController.storyboard in Resources */,
				7655FF1A2226593A0054B5A8 /* Assets.xcassets in Resources */,
				76A3756F222F8DE600B2AF9A /* WSTopViewController.storyboard in Resources */,
				65625ED82242A6C40045C073 /* ReplayKitViewController.storyboard in Resources */,
				76DC4860222F5B8D00ED1B0B /* LaunchTopViewController.storyboard in Resources */,
				76BD9345223F4DDB005752EA /* AcousticModelEnglish.bundle in Resources */,
				76DDE4E32237576E00EFACB0 /* SFUAudienceViewController.storyboard in Resources */,
				7655FF18222659370054B5A8 /* StreamingTopViewController.storyboard in Resources */,
			);
			runOnlyForDeploymentPostprocessing = 0;
		};
		7655FF212226593A0054B5A8 /* Resources */ = {
			isa = PBXResourcesBuildPhase;
			buildActionMask = 2147483647;
			files = (
			);
			runOnlyForDeploymentPostprocessing = 0;
		};
		7655FF2C2226593A0054B5A8 /* Resources */ = {
			isa = PBXResourcesBuildPhase;
			buildActionMask = 2147483647;
			files = (
			);
			runOnlyForDeploymentPostprocessing = 0;
		};
/* End PBXResourcesBuildPhase section */

/* Begin PBXShellScriptBuildPhase section */
		51326A0CBE2CC5F976B2DAFE /* [CP] Check Pods Manifest.lock */ = {
			isa = PBXShellScriptBuildPhase;
			buildActionMask = 2147483647;
			files = (
			);
			inputFileListPaths = (
			);
			inputPaths = (
				"${PODS_PODFILE_DIR_PATH}/Podfile.lock",
				"${PODS_ROOT}/Manifest.lock",
			);
			name = "[CP] Check Pods Manifest.lock";
			outputFileListPaths = (
			);
			outputPaths = (
				"$(DERIVED_FILE_DIR)/Pods-StreamingDemo-checkManifestLockResult.txt",
			);
			runOnlyForDeploymentPostprocessing = 0;
			shellPath = /bin/sh;
			shellScript = "diff \"${PODS_PODFILE_DIR_PATH}/Podfile.lock\" \"${PODS_ROOT}/Manifest.lock\" > /dev/null\nif [ $? != 0 ] ; then\n    # print error to STDERR\n    echo \"error: The sandbox is not in sync with the Podfile.lock. Run 'pod install' or update your CocoaPods installation.\" >&2\n    exit 1\nfi\n# This output is used by Xcode 'outputs' to avoid re-running this script phase.\necho \"SUCCESS\" > \"${SCRIPT_OUTPUT_FILE_0}\"\n";
			showEnvVarsInLog = 0;
		};
		76EDDB92222E6B3A0017D1F6 /* Carthage */ = {
			isa = PBXShellScriptBuildPhase;
			buildActionMask = 12;
			files = (
			);
			inputFileListPaths = (
			);
			inputPaths = (
				"$(SRCROOT)/Carthage/Build/iOS/RxAtomic.framework",
				"$(SRCROOT)/Carthage/Build/iOS/RxSwift.framework",
				"$(SRCROOT)/Carthage/Build/iOS/RxBlocking.framework",
				"$(SRCROOT)/Carthage/Build/iOS/RxCocoa.framework",
				"$(SRCROOT)/Carthage/Build/iOS/Alamofire.framework",
				"$(SRCROOT)/Carthage/Build/iOS/Logboard.framework",
				"$(SRCROOT)/Carthage/Build/iOS/HaishinKit.framework",
				"$(SRCROOT)/Carthage/Build/iOS/RxAlamofire.framework",
				"$(SRCROOT)/Carthage/Build/iOS/SwiftyJSON.framework",
				"$(SRCROOT)/Carthage/Build/iOS/SocketIO.framework",
				"$(SRCROOT)/Carthage/Build/iOS/Starscream.framework",
			);
			name = Carthage;
			outputFileListPaths = (
			);
			outputPaths = (
			);
			runOnlyForDeploymentPostprocessing = 0;
			shellPath = /bin/sh;
			shellScript = "# Type a script or drag a script file from your workspace to insert its path.\n/usr/local/bin/carthage copy-frameworks\n";
		};
/* End PBXShellScriptBuildPhase section */

/* Begin PBXSourcesBuildPhase section */
		65625EF02242A8B30045C073 /* Sources */ = {
			isa = PBXSourcesBuildPhase;
			buildActionMask = 2147483647;
			files = (
				65625EF82242A8B30045C073 /* SampleHandler.swift in Sources */,
				76F1ABAE224C5C7B000749A3 /* URL+.swift in Sources */,
				76F1ABAC224C5C73000749A3 /* ByteArray.swift in Sources */,
				65625F122242AAF90045C073 /* RTMPBroadcaster.swift in Sources */,
				76F1ABAD224C5C77000749A3 /* ExpressibleByIntegerLiteral.swift in Sources */,
				76F1ABA4224B7DAA000749A3 /* MD5.swift in Sources */,
			);
			runOnlyForDeploymentPostprocessing = 0;
		};
		65625EFA2242A8B40045C073 /* Sources */ = {
			isa = PBXSourcesBuildPhase;
			buildActionMask = 2147483647;
			files = (
				65625F032242A8B40045C073 /* BroadcastSetupViewController.swift in Sources */,
			);
			runOnlyForDeploymentPostprocessing = 0;
		};
		7655FF0B222659370054B5A8 /* Sources */ = {
			isa = PBXSourcesBuildPhase;
			buildActionMask = 2147483647;
			files = (
				76A37579222F9F7E00B2AF9A /* NetworkManager.swift in Sources */,
				76DDE4DD223756F300EFACB0 /* SFUHostViewController.swift in Sources */,
				76EDDB7C222E5FDD0017D1F6 /* StreamingPlayerManager.swift in Sources */,
				65625ED1223C03E30045C073 /* SignalingRoomClient.swift in Sources */,
				7655FF15222659370054B5A8 /* StreamingTopViewController.swift in Sources */,
				76A375882230E59400B2AF9A /* RTCStates.swift in Sources */,
				7655FF4222265D200054B5A8 /* StreamingChildPlayerViewController.swift in Sources */,
				760E302F2240F729007588D7 /* AudioObserverViewController.swift in Sources */,
				76DC4868222F5FC900ED1B0B /* NSObject+Ex.swift in Sources */,
				766D95052244E996005D383E /* MicVolumeObserver.swift in Sources */,
				76A3758C2230E5BE00B2AF9A /* IceCandidate.swift in Sources */,
				65625ECD223C03A00045C073 /* WRRoomTopViewController.swift in Sources */,
				76EDDB79222E57D00017D1F6 /* StreamingHaishinViewController.swift in Sources */,
				76A3756D222F8DCD00B2AF9A /* WSTopViewController.swift in Sources */,
				76DDE4E12237575400EFACB0 /* SFUAudienceViewController.swift in Sources */,
				76BD9325223F4649005752EA /* OpenEarsViewController.swift in Sources */,
				65625ECF223C03CF0045C073 /* WebRTCRoomClient.swift in Sources */,
				766D95012244E8C6005D383E /* MicVolumeViewController.swift in Sources */,
				76A375822230E51500B2AF9A /* SignalingClient.swift in Sources */,
				760AD4A62240A81C000B1283 /* GifWebView.swift in Sources */,
				76EDDB97222F5A7A0017D1F6 /* StreamingParentPlayerViewController.swift in Sources */,
				7655FF13222659370054B5A8 /* AppDelegate.swift in Sources */,
				76DC486A222F628200ED1B0B /* TopNavigationController.swift in Sources */,
				76DC485E222F5B7300ED1B0B /* LaunchTopViewController.swift in Sources */,
				76A3758A2230E5AC00B2AF9A /* SessionDescription.swift in Sources */,
				76A375842230E53800B2AF9A /* Message.swift in Sources */,
				76A375862230E56F00B2AF9A /* Config.swift in Sources */,
				76CDA1EE2239055800250653 /* VoiceStampViewController.swift in Sources */,
				76DC4863222F5C4700ED1B0B /* WRTopViewController.swift in Sources */,
				76A375802230E50100B2AF9A /* WebRTCClient.swift in Sources */,
				65625ED62242A6AD0045C073 /* ReplayKitViewController.swift in Sources */,
			);
			runOnlyForDeploymentPostprocessing = 0;
		};
		7655FF1F2226593A0054B5A8 /* Sources */ = {
			isa = PBXSourcesBuildPhase;
			buildActionMask = 2147483647;
			files = (
				7655FF282226593A0054B5A8 /* StreamingDemoTests.swift in Sources */,
			);
			runOnlyForDeploymentPostprocessing = 0;
		};
		7655FF2A2226593A0054B5A8 /* Sources */ = {
			isa = PBXSourcesBuildPhase;
			buildActionMask = 2147483647;
			files = (
				7655FF332226593A0054B5A8 /* StreamingDemoUITests.swift in Sources */,
			);
			runOnlyForDeploymentPostprocessing = 0;
		};
/* End PBXSourcesBuildPhase section */

/* Begin PBXTargetDependency section */
		65625F062242A8B40045C073 /* PBXTargetDependency */ = {
			isa = PBXTargetDependency;
			target = 65625EFD2242A8B40045C073 /* StreamingDemoUploadSetupUI */;
			targetProxy = 65625F052242A8B40045C073 /* PBXContainerItemProxy */;
		};
		65625F092242A8B40045C073 /* PBXTargetDependency */ = {
			isa = PBXTargetDependency;
			target = 65625EF32242A8B30045C073 /* StreamingDemoUpload */;
			targetProxy = 65625F082242A8B40045C073 /* PBXContainerItemProxy */;
		};
		7655FF252226593A0054B5A8 /* PBXTargetDependency */ = {
			isa = PBXTargetDependency;
			target = 7655FF0E222659370054B5A8 /* StreamingDemo */;
			targetProxy = 7655FF242226593A0054B5A8 /* PBXContainerItemProxy */;
		};
		7655FF302226593A0054B5A8 /* PBXTargetDependency */ = {
			isa = PBXTargetDependency;
			target = 7655FF0E222659370054B5A8 /* StreamingDemo */;
			targetProxy = 7655FF2F2226593A0054B5A8 /* PBXContainerItemProxy */;
		};
/* End PBXTargetDependency section */

/* Begin PBXVariantGroup section */
		7655FF16222659370054B5A8 /* StreamingTopViewController.storyboard */ = {
			isa = PBXVariantGroup;
			children = (
				7655FF17222659370054B5A8 /* Base */,
			);
			name = StreamingTopViewController.storyboard;
			sourceTree = "<group>";
		};
		7655FF1B2226593A0054B5A8 /* LaunchScreen.storyboard */ = {
			isa = PBXVariantGroup;
			children = (
				7655FF1C2226593A0054B5A8 /* Base */,
			);
			name = LaunchScreen.storyboard;
			sourceTree = "<group>";
		};
/* End PBXVariantGroup section */

/* Begin XCBuildConfiguration section */
		65625F0C2242A8B40045C073 /* Debug */ = {
			isa = XCBuildConfiguration;
			buildSettings = {
				CODE_SIGN_STYLE = Manual;
				DEVELOPMENT_TEAM = KLPG9KA92W;
				FRAMEWORK_SEARCH_PATHS = (
					"$(inherited)",
					"$(PROJECT_DIR)/Carthage/Build/iOS",
				);
				INFOPLIST_FILE = "$(SRCROOT)/StreamingDemo/ReplayKit/Extension/StreamingDemoUploadSetupUI/Info.plist";
				IPHONEOS_DEPLOYMENT_TARGET = 12.1;
				LD_RUNPATH_SEARCH_PATHS = (
					"$(inherited)",
					"@executable_path/Frameworks",
					"@executable_path/../../Frameworks",
				);
				PRODUCT_BUNDLE_IDENTIFIER = com.tctc.sharetask.StreamingDemoUpload2;
				PRODUCT_NAME = "$(TARGET_NAME)";
				PROVISIONING_PROFILE_SPECIFIER = "alldevelopment-ex2";
				SKIP_INSTALL = YES;
				SWIFT_VERSION = 4.2;
				TARGETED_DEVICE_FAMILY = "1,2";
			};
			name = Debug;
		};
		65625F0D2242A8B40045C073 /* Release */ = {
			isa = XCBuildConfiguration;
			buildSettings = {
				CODE_SIGN_STYLE = Manual;
				DEVELOPMENT_TEAM = "";
				FRAMEWORK_SEARCH_PATHS = (
					"$(inherited)",
					"$(PROJECT_DIR)/Carthage/Build/iOS",
				);
				INFOPLIST_FILE = "$(SRCROOT)/StreamingDemo/ReplayKit/Extension/StreamingDemoUploadSetupUI/Info.plist";
				IPHONEOS_DEPLOYMENT_TARGET = 12.1;
				LD_RUNPATH_SEARCH_PATHS = (
					"$(inherited)",
					"@executable_path/Frameworks",
					"@executable_path/../../Frameworks",
				);
				PRODUCT_BUNDLE_IDENTIFIER = com.tctc.sharetask.StreamingDemoUpload2;
				PRODUCT_NAME = "$(TARGET_NAME)";
				PROVISIONING_PROFILE_SPECIFIER = "";
				SKIP_INSTALL = YES;
				SWIFT_VERSION = 4.2;
				TARGETED_DEVICE_FAMILY = "1,2";
			};
			name = Release;
		};
		65625F0F2242A8B40045C073 /* Debug */ = {
			isa = XCBuildConfiguration;
			buildSettings = {
				CODE_SIGN_STYLE = Manual;
				DEVELOPMENT_TEAM = KLPG9KA92W;
				FRAMEWORK_SEARCH_PATHS = (
					"$(inherited)",
					"$(PROJECT_DIR)/Carthage/Build/iOS",
				);
				INFOPLIST_FILE = "$(SRCROOT)/StreamingDemo/ReplayKit/Extension/StreamingDemoUpload/Info.plist";
				IPHONEOS_DEPLOYMENT_TARGET = 12.1;
				LD_RUNPATH_SEARCH_PATHS = (
					"$(inherited)",
					"@executable_path/Frameworks",
					"@executable_path/../../Frameworks",
				);
				PRODUCT_BUNDLE_IDENTIFIER = com.tctc.sharetask.StreamingDemoUpload1;
				PRODUCT_NAME = "$(TARGET_NAME)";
				PROVISIONING_PROFILE_SPECIFIER = "alldevelopment-ex1";
				SKIP_INSTALL = YES;
				SWIFT_VERSION = 5.0;
				TARGETED_DEVICE_FAMILY = "1,2";
			};
			name = Debug;
		};
		65625F102242A8B40045C073 /* Release */ = {
			isa = XCBuildConfiguration;
			buildSettings = {
				CODE_SIGN_STYLE = Manual;
				DEVELOPMENT_TEAM = "";
				FRAMEWORK_SEARCH_PATHS = (
					"$(inherited)",
					"$(PROJECT_DIR)/Carthage/Build/iOS",
				);
				INFOPLIST_FILE = "$(SRCROOT)/StreamingDemo/ReplayKit/Extension/StreamingDemoUpload/Info.plist";
				IPHONEOS_DEPLOYMENT_TARGET = 12.1;
				LD_RUNPATH_SEARCH_PATHS = (
					"$(inherited)",
					"@executable_path/Frameworks",
					"@executable_path/../../Frameworks",
				);
				PRODUCT_BUNDLE_IDENTIFIER = com.tctc.sharetask.StreamingDemoUpload1;
				PRODUCT_NAME = "$(TARGET_NAME)";
				PROVISIONING_PROFILE_SPECIFIER = "";
				SKIP_INSTALL = YES;
				SWIFT_VERSION = 5.0;
				TARGETED_DEVICE_FAMILY = "1,2";
			};
			name = Release;
		};
		7655FF352226593A0054B5A8 /* Debug */ = {
			isa = XCBuildConfiguration;
			buildSettings = {
				ALWAYS_SEARCH_USER_PATHS = NO;
				CLANG_ANALYZER_NONNULL = YES;
				CLANG_ANALYZER_NUMBER_OBJECT_CONVERSION = YES_AGGRESSIVE;
				CLANG_CXX_LANGUAGE_STANDARD = "gnu++14";
				CLANG_CXX_LIBRARY = "libc++";
				CLANG_ENABLE_MODULES = YES;
				CLANG_ENABLE_OBJC_ARC = YES;
				CLANG_ENABLE_OBJC_WEAK = YES;
				CLANG_WARN_BLOCK_CAPTURE_AUTORELEASING = YES;
				CLANG_WARN_BOOL_CONVERSION = YES;
				CLANG_WARN_COMMA = YES;
				CLANG_WARN_CONSTANT_CONVERSION = YES;
				CLANG_WARN_DEPRECATED_OBJC_IMPLEMENTATIONS = YES;
				CLANG_WARN_DIRECT_OBJC_ISA_USAGE = YES_ERROR;
				CLANG_WARN_DOCUMENTATION_COMMENTS = YES;
				CLANG_WARN_EMPTY_BODY = YES;
				CLANG_WARN_ENUM_CONVERSION = YES;
				CLANG_WARN_INFINITE_RECURSION = YES;
				CLANG_WARN_INT_CONVERSION = YES;
				CLANG_WARN_NON_LITERAL_NULL_CONVERSION = YES;
				CLANG_WARN_OBJC_IMPLICIT_RETAIN_SELF = YES;
				CLANG_WARN_OBJC_LITERAL_CONVERSION = YES;
				CLANG_WARN_OBJC_ROOT_CLASS = YES_ERROR;
				CLANG_WARN_RANGE_LOOP_ANALYSIS = YES;
				CLANG_WARN_STRICT_PROTOTYPES = YES;
				CLANG_WARN_SUSPICIOUS_MOVE = YES;
				CLANG_WARN_UNGUARDED_AVAILABILITY = YES_AGGRESSIVE;
				CLANG_WARN_UNREACHABLE_CODE = YES;
				CLANG_WARN__DUPLICATE_METHOD_MATCH = YES;
				CODE_SIGN_IDENTITY = "iPhone Developer";
				COPY_PHASE_STRIP = NO;
				DEBUG_INFORMATION_FORMAT = dwarf;
				ENABLE_STRICT_OBJC_MSGSEND = YES;
				ENABLE_TESTABILITY = YES;
				GCC_C_LANGUAGE_STANDARD = gnu11;
				GCC_DYNAMIC_NO_PIC = NO;
				GCC_NO_COMMON_BLOCKS = YES;
				GCC_OPTIMIZATION_LEVEL = 0;
				GCC_PREPROCESSOR_DEFINITIONS = (
					"DEBUG=1",
					"$(inherited)",
				);
				GCC_WARN_64_TO_32_BIT_CONVERSION = YES;
				GCC_WARN_ABOUT_RETURN_TYPE = YES_ERROR;
				GCC_WARN_UNDECLARED_SELECTOR = YES;
				GCC_WARN_UNINITIALIZED_AUTOS = YES_AGGRESSIVE;
				GCC_WARN_UNUSED_FUNCTION = YES;
				GCC_WARN_UNUSED_VARIABLE = YES;
				IPHONEOS_DEPLOYMENT_TARGET = 12.0;
				MTL_ENABLE_DEBUG_INFO = INCLUDE_SOURCE;
				MTL_FAST_MATH = YES;
				ONLY_ACTIVE_ARCH = YES;
				SDKROOT = iphoneos;
				SWIFT_ACTIVE_COMPILATION_CONDITIONS = DEBUG;
				SWIFT_OPTIMIZATION_LEVEL = "-Onone";
			};
			name = Debug;
		};
		7655FF362226593A0054B5A8 /* Release */ = {
			isa = XCBuildConfiguration;
			buildSettings = {
				ALWAYS_SEARCH_USER_PATHS = NO;
				CLANG_ANALYZER_NONNULL = YES;
				CLANG_ANALYZER_NUMBER_OBJECT_CONVERSION = YES_AGGRESSIVE;
				CLANG_CXX_LANGUAGE_STANDARD = "gnu++14";
				CLANG_CXX_LIBRARY = "libc++";
				CLANG_ENABLE_MODULES = YES;
				CLANG_ENABLE_OBJC_ARC = YES;
				CLANG_ENABLE_OBJC_WEAK = YES;
				CLANG_WARN_BLOCK_CAPTURE_AUTORELEASING = YES;
				CLANG_WARN_BOOL_CONVERSION = YES;
				CLANG_WARN_COMMA = YES;
				CLANG_WARN_CONSTANT_CONVERSION = YES;
				CLANG_WARN_DEPRECATED_OBJC_IMPLEMENTATIONS = YES;
				CLANG_WARN_DIRECT_OBJC_ISA_USAGE = YES_ERROR;
				CLANG_WARN_DOCUMENTATION_COMMENTS = YES;
				CLANG_WARN_EMPTY_BODY = YES;
				CLANG_WARN_ENUM_CONVERSION = YES;
				CLANG_WARN_INFINITE_RECURSION = YES;
				CLANG_WARN_INT_CONVERSION = YES;
				CLANG_WARN_NON_LITERAL_NULL_CONVERSION = YES;
				CLANG_WARN_OBJC_IMPLICIT_RETAIN_SELF = YES;
				CLANG_WARN_OBJC_LITERAL_CONVERSION = YES;
				CLANG_WARN_OBJC_ROOT_CLASS = YES_ERROR;
				CLANG_WARN_RANGE_LOOP_ANALYSIS = YES;
				CLANG_WARN_STRICT_PROTOTYPES = YES;
				CLANG_WARN_SUSPICIOUS_MOVE = YES;
				CLANG_WARN_UNGUARDED_AVAILABILITY = YES_AGGRESSIVE;
				CLANG_WARN_UNREACHABLE_CODE = YES;
				CLANG_WARN__DUPLICATE_METHOD_MATCH = YES;
				CODE_SIGN_IDENTITY = "iPhone Developer";
				COPY_PHASE_STRIP = NO;
				DEBUG_INFORMATION_FORMAT = "dwarf-with-dsym";
				ENABLE_NS_ASSERTIONS = NO;
				ENABLE_STRICT_OBJC_MSGSEND = YES;
				GCC_C_LANGUAGE_STANDARD = gnu11;
				GCC_NO_COMMON_BLOCKS = YES;
				GCC_WARN_64_TO_32_BIT_CONVERSION = YES;
				GCC_WARN_ABOUT_RETURN_TYPE = YES_ERROR;
				GCC_WARN_UNDECLARED_SELECTOR = YES;
				GCC_WARN_UNINITIALIZED_AUTOS = YES_AGGRESSIVE;
				GCC_WARN_UNUSED_FUNCTION = YES;
				GCC_WARN_UNUSED_VARIABLE = YES;
				IPHONEOS_DEPLOYMENT_TARGET = 12.0;
				MTL_ENABLE_DEBUG_INFO = NO;
				MTL_FAST_MATH = YES;
				SDKROOT = iphoneos;
				SWIFT_COMPILATION_MODE = wholemodule;
				SWIFT_OPTIMIZATION_LEVEL = "-O";
				VALIDATE_PRODUCT = YES;
			};
			name = Release;
		};
		7655FF382226593A0054B5A8 /* Debug */ = {
			isa = XCBuildConfiguration;
			baseConfigurationReference = 7393DF25F165D7FB40BE6730 /* Pods-StreamingDemo.debug.xcconfig */;
			buildSettings = {
				ALWAYS_EMBED_SWIFT_STANDARD_LIBRARIES = YES;
				ASSETCATALOG_COMPILER_APPICON_NAME = AppIcon;
				CODE_SIGN_STYLE = Manual;
				DEVELOPMENT_TEAM = KLPG9KA92W;
				ENABLE_BITCODE = YES;
				FRAMEWORK_SEARCH_PATHS = (
					"$(inherited)",
					"$(PROJECT_DIR)/Carthage/Build/iOS",
					"$(PROJECT_DIR)/Lib",
					"$(PROJECT_DIR)/Framework",
				);
				INFOPLIST_FILE = StreamingDemo/Info.plist;
				LD_RUNPATH_SEARCH_PATHS = (
					"$(inherited)",
					"@executable_path/Frameworks",
				);
				PRODUCT_BUNDLE_IDENTIFIER = com.tctc.sharetask;
				PRODUCT_NAME = "$(TARGET_NAME)";
				PROVISIONING_PROFILE_SPECIFIER = "ShareTask-Dev";
				SWIFT_OBJC_BRIDGING_HEADER = StreamingDemo/OpenEarsHeader.h;
				SWIFT_VERSION = 4.2;
				TARGETED_DEVICE_FAMILY = "1,2";
			};
			name = Debug;
		};
		7655FF392226593A0054B5A8 /* Release */ = {
			isa = XCBuildConfiguration;
			baseConfigurationReference = 891280B8937B6EEEB43569F0 /* Pods-StreamingDemo.release.xcconfig */;
			buildSettings = {
				ALWAYS_EMBED_SWIFT_STANDARD_LIBRARIES = YES;
				ASSETCATALOG_COMPILER_APPICON_NAME = AppIcon;
				CODE_SIGN_STYLE = Manual;
				DEVELOPMENT_TEAM = "";
				ENABLE_BITCODE = YES;
				FRAMEWORK_SEARCH_PATHS = (
					"$(inherited)",
					"$(PROJECT_DIR)/Carthage/Build/iOS",
					"$(PROJECT_DIR)/Lib",
					"$(PROJECT_DIR)/Framework",
				);
				INFOPLIST_FILE = StreamingDemo/Info.plist;
				LD_RUNPATH_SEARCH_PATHS = (
					"$(inherited)",
					"@executable_path/Frameworks",
				);
				PRODUCT_BUNDLE_IDENTIFIER = com.tctc.sharetask;
				PRODUCT_NAME = "$(TARGET_NAME)";
				PROVISIONING_PROFILE_SPECIFIER = "";
				SWIFT_OBJC_BRIDGING_HEADER = StreamingDemo/OpenEarsHeader.h;
				SWIFT_VERSION = 4.2;
				TARGETED_DEVICE_FAMILY = "1,2";
			};
			name = Release;
		};
		7655FF3B2226593A0054B5A8 /* Debug */ = {
			isa = XCBuildConfiguration;
			buildSettings = {
				ALWAYS_EMBED_SWIFT_STANDARD_LIBRARIES = YES;
				BUNDLE_LOADER = "$(TEST_HOST)";
				CODE_SIGN_STYLE = Automatic;
				INFOPLIST_FILE = StreamingDemoTests/Info.plist;
				LD_RUNPATH_SEARCH_PATHS = (
					"$(inherited)",
					"@executable_path/Frameworks",
					"@loader_path/Frameworks",
				);
				PRODUCT_BUNDLE_IDENTIFIER = com.tctc.StreamingDemoTests;
				PRODUCT_NAME = "$(TARGET_NAME)";
				SWIFT_VERSION = 4.2;
				TARGETED_DEVICE_FAMILY = "1,2";
				TEST_HOST = "$(BUILT_PRODUCTS_DIR)/StreamingDemo.app/StreamingDemo";
			};
			name = Debug;
		};
		7655FF3C2226593A0054B5A8 /* Release */ = {
			isa = XCBuildConfiguration;
			buildSettings = {
				ALWAYS_EMBED_SWIFT_STANDARD_LIBRARIES = YES;
				BUNDLE_LOADER = "$(TEST_HOST)";
				CODE_SIGN_STYLE = Automatic;
				INFOPLIST_FILE = StreamingDemoTests/Info.plist;
				LD_RUNPATH_SEARCH_PATHS = (
					"$(inherited)",
					"@executable_path/Frameworks",
					"@loader_path/Frameworks",
				);
				PRODUCT_BUNDLE_IDENTIFIER = com.tctc.StreamingDemoTests;
				PRODUCT_NAME = "$(TARGET_NAME)";
				SWIFT_VERSION = 4.2;
				TARGETED_DEVICE_FAMILY = "1,2";
				TEST_HOST = "$(BUILT_PRODUCTS_DIR)/StreamingDemo.app/StreamingDemo";
			};
			name = Release;
		};
		7655FF3E2226593A0054B5A8 /* Debug */ = {
			isa = XCBuildConfiguration;
			buildSettings = {
				ALWAYS_EMBED_SWIFT_STANDARD_LIBRARIES = YES;
				CODE_SIGN_STYLE = Automatic;
				INFOPLIST_FILE = StreamingDemoUITests/Info.plist;
				LD_RUNPATH_SEARCH_PATHS = (
					"$(inherited)",
					"@executable_path/Frameworks",
					"@loader_path/Frameworks",
				);
				PRODUCT_BUNDLE_IDENTIFIER = com.tctc.StreamingDemoUITests;
				PRODUCT_NAME = "$(TARGET_NAME)";
				SWIFT_VERSION = 4.2;
				TARGETED_DEVICE_FAMILY = "1,2";
				TEST_TARGET_NAME = StreamingDemo;
			};
			name = Debug;
		};
		7655FF3F2226593A0054B5A8 /* Release */ = {
			isa = XCBuildConfiguration;
			buildSettings = {
				ALWAYS_EMBED_SWIFT_STANDARD_LIBRARIES = YES;
				CODE_SIGN_STYLE = Automatic;
				INFOPLIST_FILE = StreamingDemoUITests/Info.plist;
				LD_RUNPATH_SEARCH_PATHS = (
					"$(inherited)",
					"@executable_path/Frameworks",
					"@loader_path/Frameworks",
				);
				PRODUCT_BUNDLE_IDENTIFIER = com.tctc.StreamingDemoUITests;
				PRODUCT_NAME = "$(TARGET_NAME)";
				SWIFT_VERSION = 4.2;
				TARGETED_DEVICE_FAMILY = "1,2";
				TEST_TARGET_NAME = StreamingDemo;
			};
			name = Release;
		};
/* End XCBuildConfiguration section */

/* Begin XCConfigurationList section */
		65625F0B2242A8B40045C073 /* Build configuration list for PBXNativeTarget "StreamingDemoUploadSetupUI" */ = {
			isa = XCConfigurationList;
			buildConfigurations = (
				65625F0C2242A8B40045C073 /* Debug */,
				65625F0D2242A8B40045C073 /* Release */,
			);
			defaultConfigurationIsVisible = 0;
			defaultConfigurationName = Release;
		};
		65625F0E2242A8B40045C073 /* Build configuration list for PBXNativeTarget "StreamingDemoUpload" */ = {
			isa = XCConfigurationList;
			buildConfigurations = (
				65625F0F2242A8B40045C073 /* Debug */,
				65625F102242A8B40045C073 /* Release */,
			);
			defaultConfigurationIsVisible = 0;
			defaultConfigurationName = Release;
		};
		7655FF0A222659370054B5A8 /* Build configuration list for PBXProject "StreamingDemo" */ = {
			isa = XCConfigurationList;
			buildConfigurations = (
				7655FF352226593A0054B5A8 /* Debug */,
				7655FF362226593A0054B5A8 /* Release */,
			);
			defaultConfigurationIsVisible = 0;
			defaultConfigurationName = Release;
		};
		7655FF372226593A0054B5A8 /* Build configuration list for PBXNativeTarget "StreamingDemo" */ = {
			isa = XCConfigurationList;
			buildConfigurations = (
				7655FF382226593A0054B5A8 /* Debug */,
				7655FF392226593A0054B5A8 /* Release */,
			);
			defaultConfigurationIsVisible = 0;
			defaultConfigurationName = Release;
		};
		7655FF3A2226593A0054B5A8 /* Build configuration list for PBXNativeTarget "StreamingDemoTests" */ = {
			isa = XCConfigurationList;
			buildConfigurations = (
				7655FF3B2226593A0054B5A8 /* Debug */,
				7655FF3C2226593A0054B5A8 /* Release */,
			);
			defaultConfigurationIsVisible = 0;
			defaultConfigurationName = Release;
		};
		7655FF3D2226593A0054B5A8 /* Build configuration list for PBXNativeTarget "StreamingDemoUITests" */ = {
			isa = XCConfigurationList;
			buildConfigurations = (
				7655FF3E2226593A0054B5A8 /* Debug */,
				7655FF3F2226593A0054B5A8 /* Release */,
			);
			defaultConfigurationIsVisible = 0;
			defaultConfigurationName = Release;
		};
/* End XCConfigurationList section */
	};
	rootObject = 7655FF07222659370054B5A8 /* Project object */;
}
